
Microsoft Visual Studio Solution File, Format Version 12.00
# Visual Studio 14
VisualStudioVersion = 14.0.24720.0
MinimumVisualStudioVersion = 10.0.40219.1
Project("{FAE04EC0-301F-11D3-BF4B-00C04F79EFBC}") = "MessageSample", "MessageSample\MessageSample.csproj", "{57688FCE-3687-45AE-9E40-F48827A87645}"
EndProject
Project("{FAE04EC0-301F-11D3-BF4B-00C04F79EFBC}") = "SaneWeb", "SaneWeb\SaneWeb.csproj", "{2D17A429-5831-4569-9390-F2005E0B1CD4}"
EndProject
Project("{FAE04EC0-301F-11D3-BF4B-00C04F79EFBC}") = "SocketExample", "SocketExample\SocketExample.csproj", "{0E2E3DFA-2C91-4CA4-ADC1-401DA4DB4841}"
EndProject
Global
	GlobalSection(SolutionConfigurationPlatforms) = preSolution
		Debug|Any CPU = Debug|Any CPU
		Debug|x64 = Debug|x64
		Release|Any CPU = Release|Any CPU
		Release|x64 = Release|x64
	EndGlobalSection
	GlobalSection(ProjectConfigurationPlatforms) = postSolution
		{57688FCE-3687-45AE-9E40-F48827A87645}.Debug|Any CPU.ActiveCfg = Debug|Any CPU
		{57688FCE-3687-45AE-9E40-F48827A87645}.Debug|Any CPU.Build.0 = Debug|Any CPU
		{57688FCE-3687-45AE-9E40-F48827A87645}.Debug|x64.ActiveCfg = Debug|Any CPU
		{57688FCE-3687-45AE-9E40-F48827A87645}.Debug|x64.Build.0 = Debug|Any CPU
		{57688FCE-3687-45AE-9E40-F48827A87645}.Release|Any CPU.ActiveCfg = Release|Any CPU
		{57688FCE-3687-45AE-9E40-F48827A87645}.Release|Any CPU.Build.0 = Release|Any CPU
		{57688FCE-3687-45AE-9E40-F48827A87645}.Release|x64.ActiveCfg = Release|Any CPU
		{57688FCE-3687-45AE-9E40-F48827A87645}.Release|x64.Build.0 = Release|Any CPU
		{2D17A429-5831-4569-9390-F2005E0B1CD4}.Debug|Any CPU.ActiveCfg = Debug|Any CPU
		{2D17A429-5831-4569-9390-F2005E0B1CD4}.Debug|Any CPU.Build.0 = Debug|Any CPU
		{2D17A429-5831-4569-9390-F2005E0B1CD4}.Debug|x64.ActiveCfg = Debug|x64
		{2D17A429-5831-4569-9390-F2005E0B1CD4}.Debug|x64.Build.0 = Debug|x64
		{2D17A429-5831-4569-9390-F2005E0B1CD4}.Release|Any CPU.ActiveCfg = Release|Any CPU
		{2D17A429-5831-4569-9390-F2005E0B1CD4}.Release|Any CPU.Build.0 = Release|Any CPU
		{2D17A429-5831-4569-9390-F2005E0B1CD4}.Release|x64.ActiveCfg = Release|x64
		{2D17A429-5831-4569-9390-F2005E0B1CD4}.Release|x64.Build.0 = Release|x64
		{0E2E3DFA-2C91-4CA4-ADC1-401DA4DB4841}.Debug|Any CPU.ActiveCfg = Debug|Any CPU
		{0E2E3DFA-2C91-4CA4-ADC1-401DA4DB4841}.Debug|Any CPU.Build.0 = Debug|Any CPU
		{0E2E3DFA-2C91-4CA4-ADC1-401DA4DB4841}.Debug|x64.ActiveCfg = Debug|Any CPU
		{0E2E3DFA-2C91-4CA4-ADC1-401DA4DB4841}.Debug|x64.Build.0 = Debug|Any CPU
		{0E2E3DFA-2C91-4CA4-ADC1-401DA4DB4841}.Release|Any CPU.ActiveCfg = Release|Any CPU
		{0E2E3DFA-2C91-4CA4-ADC1-401DA4DB4841}.Release|Any CPU.Build.0 = Release|Any CPU
		{0E2E3DFA-2C91-4CA4-ADC1-401DA4DB4841}.Release|x64.ActiveCfg = Release|Any CPU
		{0E2E3DFA-2C91-4CA4-ADC1-401DA4DB4841}.Release|x64.Build.0 = Release|Any CPU
	EndGlobalSection
	GlobalSection(SolutionProperties) = preSolution
		HideSolutionNode = FALSE
	EndGlobalSection
EndGlobal
